{
  "name": "virta",
  "version": "1.0.0",
  "lockfileVersion": 3,
  "requires": true,
  "packages": {
    "": {
      "name": "virta",
      "version": "1.0.0",
      "license": "ISC",
      "dependencies": {
        "node-localstorage": "^3.0.5"
      },
      "bin": {
        "virta": "cli.js"
      },
      "devDependencies": {
        "@types/node": "^22.10.3"
      }
    },
    "node_modules/@types/node": {
      "version": "22.10.3",
      "resolved": "https://registry.npmjs.org/@types/node/-/node-22.10.3.tgz",
      "integrity": "sha512-DifAyw4BkrufCILvD3ucnuN8eydUfc/C1GlyrnI+LK6543w5/L3VeVgf05o3B4fqSXP1dKYLOZsKfutpxPzZrw==",
      "dev": true,
      "dependencies": {
        "undici-types": "~6.20.0"
      }
    },
    "node_modules/imurmurhash": {
      "version": "0.1.4",
      "resolved": "https://registry.npmjs.org/imurmurhash/-/imurmurhash-0.1.4.tgz",
      "integrity": "sha512-JmXMZ6wuvDmLiHEml9ykzqO6lwFbof0GG4IkcGaENdCRDDmMVnny7s5HsIgHCbaq0w2MyPhDqkhTUgS2LU2PHA==",
      "license": "MIT",
      "engines": {
        "node": ">=0.8.19"
      }
    },
    "node_modules/node-localstorage": {
      "version": "3.0.5",
      "resolved": "https://registry.npmjs.org/node-localstorage/-/node-localstorage-3.0.5.tgz",
      "integrity": "sha512-GCwtK33iwVXboZWYcqQHu3aRvXEBwmPkAMRBLeaX86ufhqslyUkLGsi4aW3INEfdQYpUB5M9qtYf3eHvAk2VBg==",
      "license": "MIT",
      "dependencies": {
        "write-file-atomic": "^5.0.1"
      },
      "engines": {
        "node": ">=0.12"
      }
    },
    "node_modules/signal-exit": {
      "version": "4.1.0",
      "resolved": "https://registry.npmjs.org/signal-exit/-/signal-exit-4.1.0.tgz",
      "integrity": "sha512-bzyZ1e88w9O1iNJbKnOlvYTrWPDl46O1bG0D3XInv+9tkPrxrN8jUUTiFlDkkmKWgn1M6CfIA13SuGqOa9Korw==",
      "license": "ISC",
      "engines": {
        "node": ">=14"
      },
      "funding": {
        "url": "https://github.com/sponsors/isaacs"
      }
    },
    "node_modules/undici-types": {
      "version": "6.20.0",
      "resolved": "https://registry.npmjs.org/undici-types/-/undici-types-6.20.0.tgz",
      "integrity": "sha512-Ny6QZ2Nju20vw1SRHe3d9jVu6gJ+4e3+MMpqu7pqE5HT6WsTSlce++GQmK5UXS8mzV8DSYHrQH+Xrf2jVcuKNg==",
      "dev": true
    },
    "node_modules/write-file-atomic": {
      "version": "5.0.1",
      "resolved": "https://registry.npmjs.org/write-file-atomic/-/write-file-atomic-5.0.1.tgz",
      "integrity": "sha512-+QU2zd6OTD8XWIJCbffaiQeH9U73qIqafo1x6V1snCWYGJf6cVE0cDR4D8xRzcEnfI21IFrUPzPGtcPf8AC+Rw==",
      "license": "ISC",
      "dependencies": {
        "imurmurhash": "^0.1.4",
        "signal-exit": "^4.0.1"
      },
      "engines": {
        "node": "^14.17.0 || ^16.13.0 || >=18.0.0"
      }
    }
  }
}
